
Microsoft Visual Studio Solution File, Format Version 12.00
# Visual Studio Version 16
VisualStudioVersion = 16.0.30406.217
MinimumVisualStudioVersion = 10.0.40219.1
Project("{FAE04EC0-301F-11D3-BF4B-00C04F79EFBC}") = "App02_TipoPaginaXF.UWP", "App02_TipoPaginaXF.UWP\App02_TipoPaginaXF.UWP.csproj", "{36FEF2C8-F83C-42BA-9353-1C070998A1A2}"
EndProject
Project("{FAE04EC0-301F-11D3-BF4B-00C04F79EFBC}") = "App02_TipoPaginaXF.Android", "App02_TipoPaginaXF.Android\App02_TipoPaginaXF.Android.csproj", "{11F40902-384B-4097-A1F6-864DC4BB4F3B}"
EndProject
Project("{FAE04EC0-301F-11D3-BF4B-00C04F79EFBC}") = "App02_TipoPaginaXF.iOS", "App02_TipoPaginaXF.iOS\App02_TipoPaginaXF.iOS.csproj", "{033C9B68-1355-41B0-A2C8-9BCF6FB0AC37}"
EndProject
Project("{FAE04EC0-301F-11D3-BF4B-00C04F79EFBC}") = "App02_TipoPaginaXF", "App02_TipoPaginaXF\App02_TipoPaginaXF.csproj", "{BB9315D2-9EDD-432D-9020-7B863146DB19}"
EndProject
Global
	GlobalSection(SolutionConfigurationPlatforms) = preSolution
		Debug|Any CPU = Debug|Any CPU
		Debug|ARM = Debug|ARM
		Debug|iPhone = Debug|iPhone
		Debug|iPhoneSimulator = Debug|iPhoneSimulator
		Debug|x64 = Debug|x64
		Debug|x86 = Debug|x86
		Release|Any CPU = Release|Any CPU
		Release|ARM = Release|ARM
		Release|iPhone = Release|iPhone
		Release|iPhoneSimulator = Release|iPhoneSimulator
		Release|x64 = Release|x64
		Release|x86 = Release|x86
	EndGlobalSection
	GlobalSection(ProjectConfigurationPlatforms) = postSolution
		{36FEF2C8-F83C-42BA-9353-1C070998A1A2}.Debug|Any CPU.ActiveCfg = Debug|x86
		{36FEF2C8-F83C-42BA-9353-1C070998A1A2}.Debug|Any CPU.Build.0 = Debug|x86
		{36FEF2C8-F83C-42BA-9353-1C070998A1A2}.Debug|Any CPU.Deploy.0 = Debug|x86
		{36FEF2C8-F83C-42BA-9353-1C070998A1A2}.Debug|ARM.ActiveCfg = Debug|ARM
		{36FEF2C8-F83C-42BA-9353-1C070998A1A2}.Debug|ARM.Build.0 = Debug|ARM
		{36FEF2C8-F83C-42BA-9353-1C070998A1A2}.Debug|ARM.Deploy.0 = Debug|ARM
		{36FEF2C8-F83C-42BA-9353-1C070998A1A2}.Debug|iPhone.ActiveCfg = Debug|x86
		{36FEF2C8-F83C-42BA-9353-1C070998A1A2}.Debug|iPhone.Build.0 = Debug|x86
		{36FEF2C8-F83C-42BA-9353-1C070998A1A2}.Debug|iPhone.Deploy.0 = Debug|x86
		{36FEF2C8-F83C-42BA-9353-1C070998A1A2}.Debug|iPhoneSimulator.ActiveCfg = Debug|x86
		{36FEF2C8-F83C-42BA-9353-1C070998A1A2}.Debug|iPhoneSimulator.Build.0 = Debug|x86
		{36FEF2C8-F83C-42BA-9353-1C070998A1A2}.Debug|iPhoneSimulator.Deploy.0 = Debug|x86
		{36FEF2C8-F83C-42BA-9353-1C070998A1A2}.Debug|x64.ActiveCfg = Debug|x64
		{36FEF2C8-F83C-42BA-9353-1C070998A1A2}.Debug|x64.Build.0 = Debug|x64
		{36FEF2C8-F83C-42BA-9353-1C070998A1A2}.Debug|x64.Deploy.0 = Debug|x64
		{36FEF2C8-F83C-42BA-9353-1C070998A1A2}.Debug|x86.ActiveCfg = Debug|x86
		{36FEF2C8-F83C-42BA-9353-1C070998A1A2}.Debug|x86.Build.0 = Debug|x86
		{36FEF2C8-F83C-42BA-9353-1C070998A1A2}.Debug|x86.Deploy.0 = Debug|x86
		{36FEF2C8-F83C-42BA-9353-1C070998A1A2}.Release|Any CPU.ActiveCfg = Release|x86
		{36FEF2C8-F83C-42BA-9353-1C070998A1A2}.Release|Any CPU.Build.0 = Release|x86
		{36FEF2C8-F83C-42BA-9353-1C070998A1A2}.Release|Any CPU.Deploy.0 = Release|x86
		{36FEF2C8-F83C-42BA-9353-1C070998A1A2}.Release|ARM.ActiveCfg = Release|ARM
		{36FEF2C8-F83C-42BA-9353-1C070998A1A2}.Release|ARM.Build.0 = Release|ARM
		{36FEF2C8-F83C-42BA-9353-1C070998A1A2}.Release|ARM.Deploy.0 = Release|ARM
		{36FEF2C8-F83C-42BA-9353-1C070998A1A2}.Release|iPhone.ActiveCfg = Release|x86
		{36FEF2C8-F83C-42BA-9353-1C070998A1A2}.Release|iPhone.Build.0 = Release|x86
		{36FEF2C8-F83C-42BA-9353-1C070998A1A2}.Release|iPhone.Deploy.0 = Release|x86
		{36FEF2C8-F83C-42BA-9353-1C070998A1A2}.Release|iPhoneSimulator.ActiveCfg = Release|x86
		{36FEF2C8-F83C-42BA-9353-1C070998A1A2}.Release|iPhoneSimulator.Build.0 = Release|x86
		{36FEF2C8-F83C-42BA-9353-1C070998A1A2}.Release|iPhoneSimulator.Deploy.0 = Release|x86
		{36FEF2C8-F83C-42BA-9353-1C070998A1A2}.Release|x64.ActiveCfg = Release|x64
		{36FEF2C8-F83C-42BA-9353-1C070998A1A2}.Release|x64.Build.0 = Release|x64
		{36FEF2C8-F83C-42BA-9353-1C070998A1A2}.Release|x64.Deploy.0 = Release|x64
		{36FEF2C8-F83C-42BA-9353-1C070998A1A2}.Release|x86.ActiveCfg = Release|x86
		{36FEF2C8-F83C-42BA-9353-1C070998A1A2}.Release|x86.Build.0 = Release|x86
		{36FEF2C8-F83C-42BA-9353-1C070998A1A2}.Release|x86.Deploy.0 = Release|x86
		{11F40902-384B-4097-A1F6-864DC4BB4F3B}.Debug|Any CPU.ActiveCfg = Debug|Any CPU
		{11F40902-384B-4097-A1F6-864DC4BB4F3B}.Debug|Any CPU.Build.0 = Debug|Any CPU
		{11F40902-384B-4097-A1F6-864DC4BB4F3B}.Debug|Any CPU.Deploy.0 = Debug|Any CPU
		{11F40902-384B-4097-A1F6-864DC4BB4F3B}.Debug|ARM.ActiveCfg = Debug|Any CPU
		{11F40902-384B-4097-A1F6-864DC4BB4F3B}.Debug|ARM.Build.0 = Debug|Any CPU
		{11F40902-384B-4097-A1F6-864DC4BB4F3B}.Debug|ARM.Deploy.0 = Debug|Any CPU
		{11F40902-384B-4097-A1F6-864DC4BB4F3B}.Debug|iPhone.ActiveCfg = Debug|Any CPU
		{11F40902-384B-4097-A1F6-864DC4BB4F3B}.Debug|iPhone.Build.0 = Debug|Any CPU
		{11F40902-384B-4097-A1F6-864DC4BB4F3B}.Debug|iPhone.Deploy.0 = Debug|Any CPU
		{11F40902-384B-4097-A1F6-864DC4BB4F3B}.Debug|iPhoneSimulator.ActiveCfg = Debug|Any CPU
		{11F40902-384B-4097-A1F6-864DC4BB4F3B}.Debug|iPhoneSimulator.Build.0 = Debug|Any CPU
		{11F40902-384B-4097-A1F6-864DC4BB4F3B}.Debug|iPhoneSimulator.Deploy.0 = Debug|Any CPU
		{11F40902-384B-4097-A1F6-864DC4BB4F3B}.Debug|x64.ActiveCfg = Debug|Any CPU
		{11F40902-384B-4097-A1F6-864DC4BB4F3B}.Debug|x64.Build.0 = Debug|Any CPU
		{11F40902-384B-4097-A1F6-864DC4BB4F3B}.Debug|x64.Deploy.0 = Debug|Any CPU
		{11F40902-384B-4097-A1F6-864DC4BB4F3B}.Debug|x86.ActiveCfg = Debug|Any CPU
		{11F40902-384B-4097-A1F6-864DC4BB4F3B}.Debug|x86.Build.0 = Debug|Any CPU
		{11F40902-384B-4097-A1F6-864DC4BB4F3B}.Debug|x86.Deploy.0 = Debug|Any CPU
		{11F40902-384B-4097-A1F6-864DC4BB4F3B}.Release|Any CPU.ActiveCfg = Release|Any CPU
		{11F40902-384B-4097-A1F6-864DC4BB4F3B}.Release|Any CPU.Build.0 = Release|Any CPU
		{11F40902-384B-4097-A1F6-864DC4BB4F3B}.Release|Any CPU.Deploy.0 = Release|Any CPU
		{11F40902-384B-4097-A1F6-864DC4BB4F3B}.Release|ARM.ActiveCfg = Release|Any CPU
		{11F40902-384B-4097-A1F6-864DC4BB4F3B}.Release|ARM.Build.0 = Release|Any CPU
		{11F40902-384B-4097-A1F6-864DC4BB4F3B}.Release|ARM.Deploy.0 = Release|Any CPU
		{11F40902-384B-4097-A1F6-864DC4BB4F3B}.Release|iPhone.ActiveCfg = Release|Any CPU
		{11F40902-384B-4097-A1F6-864DC4BB4F3B}.Release|iPhone.Build.0 = Release|Any CPU
		{11F40902-384B-4097-A1F6-864DC4BB4F3B}.Release|iPhone.Deploy.0 = Release|Any CPU
		{11F40902-384B-4097-A1F6-864DC4BB4F3B}.Release|iPhoneSimulator.ActiveCfg = Release|Any CPU
		{11F40902-384B-4097-A1F6-864DC4BB4F3B}.Release|iPhoneSimulator.Build.0 = Release|Any CPU
		{11F40902-384B-4097-A1F6-864DC4BB4F3B}.Release|iPhoneSimulator.Deploy.0 = Release|Any CPU
		{11F40902-384B-4097-A1F6-864DC4BB4F3B}.Release|x64.ActiveCfg = Release|Any CPU
		{11F40902-384B-4097-A1F6-864DC4BB4F3B}.Release|x64.Build.0 = Release|Any CPU
		{11F40902-384B-4097-A1F6-864DC4BB4F3B}.Release|x64.Deploy.0 = Release|Any CPU
		{11F40902-384B-4097-A1F6-864DC4BB4F3B}.Release|x86.ActiveCfg = Release|Any CPU
		{11F40902-384B-4097-A1F6-864DC4BB4F3B}.Release|x86.Build.0 = Release|Any CPU
		{11F40902-384B-4097-A1F6-864DC4BB4F3B}.Release|x86.Deploy.0 = Release|Any CPU
		{033C9B68-1355-41B0-A2C8-9BCF6FB0AC37}.Debug|Any CPU.ActiveCfg = Debug|iPhone
		{033C9B68-1355-41B0-A2C8-9BCF6FB0AC37}.Debug|Any CPU.Build.0 = Debug|iPhone
		{033C9B68-1355-41B0-A2C8-9BCF6FB0AC37}.Debug|Any CPU.Deploy.0 = Debug|iPhone
		{033C9B68-1355-41B0-A2C8-9BCF6FB0AC37}.Debug|ARM.ActiveCfg = Debug|iPhone
		{033C9B68-1355-41B0-A2C8-9BCF6FB0AC37}.Debug|ARM.Build.0 = Debug|iPhone
		{033C9B68-1355-41B0-A2C8-9BCF6FB0AC37}.Debug|ARM.Deploy.0 = Debug|iPhone
		{033C9B68-1355-41B0-A2C8-9BCF6FB0AC37}.Debug|iPhone.ActiveCfg = Debug|iPhone
		{033C9B68-1355-41B0-A2C8-9BCF6FB0AC37}.Debug|iPhone.Build.0 = Debug|iPhone
		{033C9B68-1355-41B0-A2C8-9BCF6FB0AC37}.Debug|iPhone.Deploy.0 = Debug|iPhone
		{033C9B68-1355-41B0-A2C8-9BCF6FB0AC37}.Debug|iPhoneSimulator.ActiveCfg = Debug|iPhoneSimulator
		{033C9B68-1355-41B0-A2C8-9BCF6FB0AC37}.Debug|iPhoneSimulator.Build.0 = Debug|iPhoneSimulator
		{033C9B68-1355-41B0-A2C8-9BCF6FB0AC37}.Debug|iPhoneSimulator.Deploy.0 = Debug|iPhoneSimulator
		{033C9B68-1355-41B0-A2C8-9BCF6FB0AC37}.Debug|x64.ActiveCfg = Debug|iPhone
		{033C9B68-1355-41B0-A2C8-9BCF6FB0AC37}.Debug|x64.Build.0 = Debug|iPhone
		{033C9B68-1355-41B0-A2C8-9BCF6FB0AC37}.Debug|x64.Deploy.0 = Debug|iPhone
		{033C9B68-1355-41B0-A2C8-9BCF6FB0AC37}.Debug|x86.ActiveCfg = Debug|iPhone
		{033C9B68-1355-41B0-A2C8-9BCF6FB0AC37}.Debug|x86.Build.0 = Debug|iPhone
		{033C9B68-1355-41B0-A2C8-9BCF6FB0AC37}.Debug|x86.Deploy.0 = Debug|iPhone
		{033C9B68-1355-41B0-A2C8-9BCF6FB0AC37}.Release|Any CPU.ActiveCfg = Release|iPhone
		{033C9B68-1355-41B0-A2C8-9BCF6FB0AC37}.Release|Any CPU.Build.0 = Release|iPhone
		{033C9B68-1355-41B0-A2C8-9BCF6FB0AC37}.Release|Any CPU.Deploy.0 = Release|iPhone
		{033C9B68-1355-41B0-A2C8-9BCF6FB0AC37}.Release|ARM.ActiveCfg = Release|iPhone
		{033C9B68-1355-41B0-A2C8-9BCF6FB0AC37}.Release|ARM.Build.0 = Release|iPhone
		{033C9B68-1355-41B0-A2C8-9BCF6FB0AC37}.Release|ARM.Deploy.0 = Release|iPhone
		{033C9B68-1355-41B0-A2C8-9BCF6FB0AC37}.Release|iPhone.ActiveCfg = Release|iPhone
		{033C9B68-1355-41B0-A2C8-9BCF6FB0AC37}.Release|iPhone.Build.0 = Release|iPhone
		{033C9B68-1355-41B0-A2C8-9BCF6FB0AC37}.Release|iPhone.Deploy.0 = Release|iPhone
		{033C9B68-1355-41B0-A2C8-9BCF6FB0AC37}.Release|iPhoneSimulator.ActiveCfg = Release|iPhoneSimulator
		{033C9B68-1355-41B0-A2C8-9BCF6FB0AC37}.Release|iPhoneSimulator.Build.0 = Release|iPhoneSimulator
		{033C9B68-1355-41B0-A2C8-9BCF6FB0AC37}.Release|iPhoneSimulator.Deploy.0 = Release|iPhoneSimulator
		{033C9B68-1355-41B0-A2C8-9BCF6FB0AC37}.Release|x64.ActiveCfg = Release|iPhone
		{033C9B68-1355-41B0-A2C8-9BCF6FB0AC37}.Release|x64.Build.0 = Release|iPhone
		{033C9B68-1355-41B0-A2C8-9BCF6FB0AC37}.Release|x64.Deploy.0 = Release|iPhone
		{033C9B68-1355-41B0-A2C8-9BCF6FB0AC37}.Release|x86.ActiveCfg = Release|iPhone
		{033C9B68-1355-41B0-A2C8-9BCF6FB0AC37}.Release|x86.Build.0 = Release|iPhone
		{033C9B68-1355-41B0-A2C8-9BCF6FB0AC37}.Release|x86.Deploy.0 = Release|iPhone
		{BB9315D2-9EDD-432D-9020-7B863146DB19}.Debug|Any CPU.ActiveCfg = Debug|Any CPU
		{BB9315D2-9EDD-432D-9020-7B863146DB19}.Debug|Any CPU.Build.0 = Debug|Any CPU
		{BB9315D2-9EDD-432D-9020-7B863146DB19}.Debug|Any CPU.Deploy.0 = Debug|Any CPU
		{BB9315D2-9EDD-432D-9020-7B863146DB19}.Debug|ARM.ActiveCfg = Debug|Any CPU
		{BB9315D2-9EDD-432D-9020-7B863146DB19}.Debug|ARM.Build.0 = Debug|Any CPU
		{BB9315D2-9EDD-432D-9020-7B863146DB19}.Debug|ARM.Deploy.0 = Debug|Any CPU
		{BB9315D2-9EDD-432D-9020-7B863146DB19}.Debug|iPhone.ActiveCfg = Debug|Any CPU
		{BB9315D2-9EDD-432D-9020-7B863146DB19}.Debug|iPhone.Build.0 = Debug|Any CPU
		{BB9315D2-9EDD-432D-9020-7B863146DB19}.Debug|iPhone.Deploy.0 = Debug|Any CPU
		{BB9315D2-9EDD-432D-9020-7B863146DB19}.Debug|iPhoneSimulator.ActiveCfg = Debug|Any CPU
		{BB9315D2-9EDD-432D-9020-7B863146DB19}.Debug|iPhoneSimulator.Build.0 = Debug|Any CPU
		{BB9315D2-9EDD-432D-9020-7B863146DB19}.Debug|iPhoneSimulator.Deploy.0 = Debug|Any CPU
		{BB9315D2-9EDD-432D-9020-7B863146DB19}.Debug|x64.ActiveCfg = Debug|Any CPU
		{BB9315D2-9EDD-432D-9020-7B863146DB19}.Debug|x64.Build.0 = Debug|Any CPU
		{BB9315D2-9EDD-432D-9020-7B863146DB19}.Debug|x64.Deploy.0 = Debug|Any CPU
		{BB9315D2-9EDD-432D-9020-7B863146DB19}.Debug|x86.ActiveCfg = Debug|Any CPU
		{BB9315D2-9EDD-432D-9020-7B863146DB19}.Debug|x86.Build.0 = Debug|Any CPU
		{BB9315D2-9EDD-432D-9020-7B863146DB19}.Debug|x86.Deploy.0 = Debug|Any CPU
		{BB9315D2-9EDD-432D-9020-7B863146DB19}.Release|Any CPU.ActiveCfg = Release|Any CPU
		{BB9315D2-9EDD-432D-9020-7B863146DB19}.Release|Any CPU.Build.0 = Release|Any CPU
		{BB9315D2-9EDD-432D-9020-7B863146DB19}.Release|Any CPU.Deploy.0 = Release|Any CPU
		{BB9315D2-9EDD-432D-9020-7B863146DB19}.Release|ARM.ActiveCfg = Release|Any CPU
		{BB9315D2-9EDD-432D-9020-7B863146DB19}.Release|ARM.Build.0 = Release|Any CPU
		{BB9315D2-9EDD-432D-9020-7B863146DB19}.Release|ARM.Deploy.0 = Release|Any CPU
		{BB9315D2-9EDD-432D-9020-7B863146DB19}.Release|iPhone.ActiveCfg = Release|Any CPU
		{BB9315D2-9EDD-432D-9020-7B863146DB19}.Release|iPhone.Build.0 = Release|Any CPU
		{BB9315D2-9EDD-432D-9020-7B863146DB19}.Release|iPhone.Deploy.0 = Release|Any CPU
		{BB9315D2-9EDD-432D-9020-7B863146DB19}.Release|iPhoneSimulator.ActiveCfg = Release|Any CPU
		{BB9315D2-9EDD-432D-9020-7B863146DB19}.Release|iPhoneSimulator.Build.0 = Release|Any CPU
		{BB9315D2-9EDD-432D-9020-7B863146DB19}.Release|iPhoneSimulator.Deploy.0 = Release|Any CPU
		{BB9315D2-9EDD-432D-9020-7B863146DB19}.Release|x64.ActiveCfg = Release|Any CPU
		{BB9315D2-9EDD-432D-9020-7B863146DB19}.Release|x64.Build.0 = Release|Any CPU
		{BB9315D2-9EDD-432D-9020-7B863146DB19}.Release|x64.Deploy.0 = Release|Any CPU
		{BB9315D2-9EDD-432D-9020-7B863146DB19}.Release|x86.ActiveCfg = Release|Any CPU
		{BB9315D2-9EDD-432D-9020-7B863146DB19}.Release|x86.Build.0 = Release|Any CPU
		{BB9315D2-9EDD-432D-9020-7B863146DB19}.Release|x86.Deploy.0 = Release|Any CPU
	EndGlobalSection
	GlobalSection(SolutionProperties) = preSolution
		HideSolutionNode = FALSE
	EndGlobalSection
	GlobalSection(ExtensibilityGlobals) = postSolution
		SolutionGuid = {CB0A4DE8-F842-4324-B759-4AF4A0EEA5CF}
	EndGlobalSection
EndGlobal
