
Microsoft Visual Studio Solution File, Format Version 12.00
# Visual Studio Version 16
VisualStudioVersion = 16.0.30406.217
MinimumVisualStudioVersion = 10.0.40219.1
Project("{FAE04EC0-301F-11D3-BF4B-00C04F79EFBC}") = "ConsultarCEP.UWP", "ConsultarCEP.UWP\ConsultarCEP.UWP.csproj", "{6DA7F0AF-2F45-46EF-A49F-7893A644BB9E}"
EndProject
Project("{FAE04EC0-301F-11D3-BF4B-00C04F79EFBC}") = "ConsultarCEP.Android", "ConsultarCEP.Android\ConsultarCEP.Android.csproj", "{AC9198C4-D89F-4FCF-8A32-45581B38F67B}"
EndProject
Project("{FAE04EC0-301F-11D3-BF4B-00C04F79EFBC}") = "ConsultarCEP.iOS", "ConsultarCEP.iOS\ConsultarCEP.iOS.csproj", "{BBB1468B-AC87-4A53-A312-54E7CDA959AB}"
EndProject
Project("{FAE04EC0-301F-11D3-BF4B-00C04F79EFBC}") = "ConsultarCEP", "ConsultarCEP\ConsultarCEP.csproj", "{A2BC9564-FBF8-4EBD-A75E-4348F8431CBB}"
EndProject
Global
	GlobalSection(SolutionConfigurationPlatforms) = preSolution
		Debug|Any CPU = Debug|Any CPU
		Debug|ARM = Debug|ARM
		Debug|iPhone = Debug|iPhone
		Debug|iPhoneSimulator = Debug|iPhoneSimulator
		Debug|x64 = Debug|x64
		Debug|x86 = Debug|x86
		Release|Any CPU = Release|Any CPU
		Release|ARM = Release|ARM
		Release|iPhone = Release|iPhone
		Release|iPhoneSimulator = Release|iPhoneSimulator
		Release|x64 = Release|x64
		Release|x86 = Release|x86
	EndGlobalSection
	GlobalSection(ProjectConfigurationPlatforms) = postSolution
		{6DA7F0AF-2F45-46EF-A49F-7893A644BB9E}.Debug|Any CPU.ActiveCfg = Debug|x86
		{6DA7F0AF-2F45-46EF-A49F-7893A644BB9E}.Debug|Any CPU.Build.0 = Debug|x86
		{6DA7F0AF-2F45-46EF-A49F-7893A644BB9E}.Debug|Any CPU.Deploy.0 = Debug|x86
		{6DA7F0AF-2F45-46EF-A49F-7893A644BB9E}.Debug|ARM.ActiveCfg = Debug|ARM
		{6DA7F0AF-2F45-46EF-A49F-7893A644BB9E}.Debug|ARM.Build.0 = Debug|ARM
		{6DA7F0AF-2F45-46EF-A49F-7893A644BB9E}.Debug|ARM.Deploy.0 = Debug|ARM
		{6DA7F0AF-2F45-46EF-A49F-7893A644BB9E}.Debug|iPhone.ActiveCfg = Debug|x86
		{6DA7F0AF-2F45-46EF-A49F-7893A644BB9E}.Debug|iPhone.Build.0 = Debug|x86
		{6DA7F0AF-2F45-46EF-A49F-7893A644BB9E}.Debug|iPhone.Deploy.0 = Debug|x86
		{6DA7F0AF-2F45-46EF-A49F-7893A644BB9E}.Debug|iPhoneSimulator.ActiveCfg = Debug|x86
		{6DA7F0AF-2F45-46EF-A49F-7893A644BB9E}.Debug|iPhoneSimulator.Build.0 = Debug|x86
		{6DA7F0AF-2F45-46EF-A49F-7893A644BB9E}.Debug|iPhoneSimulator.Deploy.0 = Debug|x86
		{6DA7F0AF-2F45-46EF-A49F-7893A644BB9E}.Debug|x64.ActiveCfg = Debug|x64
		{6DA7F0AF-2F45-46EF-A49F-7893A644BB9E}.Debug|x64.Build.0 = Debug|x64
		{6DA7F0AF-2F45-46EF-A49F-7893A644BB9E}.Debug|x64.Deploy.0 = Debug|x64
		{6DA7F0AF-2F45-46EF-A49F-7893A644BB9E}.Debug|x86.ActiveCfg = Debug|x86
		{6DA7F0AF-2F45-46EF-A49F-7893A644BB9E}.Debug|x86.Build.0 = Debug|x86
		{6DA7F0AF-2F45-46EF-A49F-7893A644BB9E}.Debug|x86.Deploy.0 = Debug|x86
		{6DA7F0AF-2F45-46EF-A49F-7893A644BB9E}.Release|Any CPU.ActiveCfg = Release|x86
		{6DA7F0AF-2F45-46EF-A49F-7893A644BB9E}.Release|Any CPU.Build.0 = Release|x86
		{6DA7F0AF-2F45-46EF-A49F-7893A644BB9E}.Release|Any CPU.Deploy.0 = Release|x86
		{6DA7F0AF-2F45-46EF-A49F-7893A644BB9E}.Release|ARM.ActiveCfg = Release|ARM
		{6DA7F0AF-2F45-46EF-A49F-7893A644BB9E}.Release|ARM.Build.0 = Release|ARM
		{6DA7F0AF-2F45-46EF-A49F-7893A644BB9E}.Release|ARM.Deploy.0 = Release|ARM
		{6DA7F0AF-2F45-46EF-A49F-7893A644BB9E}.Release|iPhone.ActiveCfg = Release|x86
		{6DA7F0AF-2F45-46EF-A49F-7893A644BB9E}.Release|iPhone.Build.0 = Release|x86
		{6DA7F0AF-2F45-46EF-A49F-7893A644BB9E}.Release|iPhone.Deploy.0 = Release|x86
		{6DA7F0AF-2F45-46EF-A49F-7893A644BB9E}.Release|iPhoneSimulator.ActiveCfg = Release|x86
		{6DA7F0AF-2F45-46EF-A49F-7893A644BB9E}.Release|iPhoneSimulator.Build.0 = Release|x86
		{6DA7F0AF-2F45-46EF-A49F-7893A644BB9E}.Release|iPhoneSimulator.Deploy.0 = Release|x86
		{6DA7F0AF-2F45-46EF-A49F-7893A644BB9E}.Release|x64.ActiveCfg = Release|x64
		{6DA7F0AF-2F45-46EF-A49F-7893A644BB9E}.Release|x64.Build.0 = Release|x64
		{6DA7F0AF-2F45-46EF-A49F-7893A644BB9E}.Release|x64.Deploy.0 = Release|x64
		{6DA7F0AF-2F45-46EF-A49F-7893A644BB9E}.Release|x86.ActiveCfg = Release|x86
		{6DA7F0AF-2F45-46EF-A49F-7893A644BB9E}.Release|x86.Build.0 = Release|x86
		{6DA7F0AF-2F45-46EF-A49F-7893A644BB9E}.Release|x86.Deploy.0 = Release|x86
		{AC9198C4-D89F-4FCF-8A32-45581B38F67B}.Debug|Any CPU.ActiveCfg = Debug|Any CPU
		{AC9198C4-D89F-4FCF-8A32-45581B38F67B}.Debug|Any CPU.Build.0 = Debug|Any CPU
		{AC9198C4-D89F-4FCF-8A32-45581B38F67B}.Debug|Any CPU.Deploy.0 = Debug|Any CPU
		{AC9198C4-D89F-4FCF-8A32-45581B38F67B}.Debug|ARM.ActiveCfg = Debug|Any CPU
		{AC9198C4-D89F-4FCF-8A32-45581B38F67B}.Debug|ARM.Build.0 = Debug|Any CPU
		{AC9198C4-D89F-4FCF-8A32-45581B38F67B}.Debug|ARM.Deploy.0 = Debug|Any CPU
		{AC9198C4-D89F-4FCF-8A32-45581B38F67B}.Debug|iPhone.ActiveCfg = Debug|Any CPU
		{AC9198C4-D89F-4FCF-8A32-45581B38F67B}.Debug|iPhone.Build.0 = Debug|Any CPU
		{AC9198C4-D89F-4FCF-8A32-45581B38F67B}.Debug|iPhone.Deploy.0 = Debug|Any CPU
		{AC9198C4-D89F-4FCF-8A32-45581B38F67B}.Debug|iPhoneSimulator.ActiveCfg = Debug|Any CPU
		{AC9198C4-D89F-4FCF-8A32-45581B38F67B}.Debug|iPhoneSimulator.Build.0 = Debug|Any CPU
		{AC9198C4-D89F-4FCF-8A32-45581B38F67B}.Debug|iPhoneSimulator.Deploy.0 = Debug|Any CPU
		{AC9198C4-D89F-4FCF-8A32-45581B38F67B}.Debug|x64.ActiveCfg = Debug|Any CPU
		{AC9198C4-D89F-4FCF-8A32-45581B38F67B}.Debug|x64.Build.0 = Debug|Any CPU
		{AC9198C4-D89F-4FCF-8A32-45581B38F67B}.Debug|x64.Deploy.0 = Debug|Any CPU
		{AC9198C4-D89F-4FCF-8A32-45581B38F67B}.Debug|x86.ActiveCfg = Debug|Any CPU
		{AC9198C4-D89F-4FCF-8A32-45581B38F67B}.Debug|x86.Build.0 = Debug|Any CPU
		{AC9198C4-D89F-4FCF-8A32-45581B38F67B}.Debug|x86.Deploy.0 = Debug|Any CPU
		{AC9198C4-D89F-4FCF-8A32-45581B38F67B}.Release|Any CPU.ActiveCfg = Release|Any CPU
		{AC9198C4-D89F-4FCF-8A32-45581B38F67B}.Release|Any CPU.Build.0 = Release|Any CPU
		{AC9198C4-D89F-4FCF-8A32-45581B38F67B}.Release|Any CPU.Deploy.0 = Release|Any CPU
		{AC9198C4-D89F-4FCF-8A32-45581B38F67B}.Release|ARM.ActiveCfg = Release|Any CPU
		{AC9198C4-D89F-4FCF-8A32-45581B38F67B}.Release|ARM.Build.0 = Release|Any CPU
		{AC9198C4-D89F-4FCF-8A32-45581B38F67B}.Release|ARM.Deploy.0 = Release|Any CPU
		{AC9198C4-D89F-4FCF-8A32-45581B38F67B}.Release|iPhone.ActiveCfg = Release|Any CPU
		{AC9198C4-D89F-4FCF-8A32-45581B38F67B}.Release|iPhone.Build.0 = Release|Any CPU
		{AC9198C4-D89F-4FCF-8A32-45581B38F67B}.Release|iPhone.Deploy.0 = Release|Any CPU
		{AC9198C4-D89F-4FCF-8A32-45581B38F67B}.Release|iPhoneSimulator.ActiveCfg = Release|Any CPU
		{AC9198C4-D89F-4FCF-8A32-45581B38F67B}.Release|iPhoneSimulator.Build.0 = Release|Any CPU
		{AC9198C4-D89F-4FCF-8A32-45581B38F67B}.Release|iPhoneSimulator.Deploy.0 = Release|Any CPU
		{AC9198C4-D89F-4FCF-8A32-45581B38F67B}.Release|x64.ActiveCfg = Release|Any CPU
		{AC9198C4-D89F-4FCF-8A32-45581B38F67B}.Release|x64.Build.0 = Release|Any CPU
		{AC9198C4-D89F-4FCF-8A32-45581B38F67B}.Release|x64.Deploy.0 = Release|Any CPU
		{AC9198C4-D89F-4FCF-8A32-45581B38F67B}.Release|x86.ActiveCfg = Release|Any CPU
		{AC9198C4-D89F-4FCF-8A32-45581B38F67B}.Release|x86.Build.0 = Release|Any CPU
		{AC9198C4-D89F-4FCF-8A32-45581B38F67B}.Release|x86.Deploy.0 = Release|Any CPU
		{BBB1468B-AC87-4A53-A312-54E7CDA959AB}.Debug|Any CPU.ActiveCfg = Debug|iPhone
		{BBB1468B-AC87-4A53-A312-54E7CDA959AB}.Debug|Any CPU.Build.0 = Debug|iPhone
		{BBB1468B-AC87-4A53-A312-54E7CDA959AB}.Debug|Any CPU.Deploy.0 = Debug|iPhone
		{BBB1468B-AC87-4A53-A312-54E7CDA959AB}.Debug|ARM.ActiveCfg = Debug|iPhone
		{BBB1468B-AC87-4A53-A312-54E7CDA959AB}.Debug|ARM.Build.0 = Debug|iPhone
		{BBB1468B-AC87-4A53-A312-54E7CDA959AB}.Debug|ARM.Deploy.0 = Debug|iPhone
		{BBB1468B-AC87-4A53-A312-54E7CDA959AB}.Debug|iPhone.ActiveCfg = Debug|iPhone
		{BBB1468B-AC87-4A53-A312-54E7CDA959AB}.Debug|iPhone.Build.0 = Debug|iPhone
		{BBB1468B-AC87-4A53-A312-54E7CDA959AB}.Debug|iPhone.Deploy.0 = Debug|iPhone
		{BBB1468B-AC87-4A53-A312-54E7CDA959AB}.Debug|iPhoneSimulator.ActiveCfg = Debug|iPhoneSimulator
		{BBB1468B-AC87-4A53-A312-54E7CDA959AB}.Debug|iPhoneSimulator.Build.0 = Debug|iPhoneSimulator
		{BBB1468B-AC87-4A53-A312-54E7CDA959AB}.Debug|iPhoneSimulator.Deploy.0 = Debug|iPhoneSimulator
		{BBB1468B-AC87-4A53-A312-54E7CDA959AB}.Debug|x64.ActiveCfg = Debug|iPhone
		{BBB1468B-AC87-4A53-A312-54E7CDA959AB}.Debug|x64.Build.0 = Debug|iPhone
		{BBB1468B-AC87-4A53-A312-54E7CDA959AB}.Debug|x64.Deploy.0 = Debug|iPhone
		{BBB1468B-AC87-4A53-A312-54E7CDA959AB}.Debug|x86.ActiveCfg = Debug|iPhone
		{BBB1468B-AC87-4A53-A312-54E7CDA959AB}.Debug|x86.Build.0 = Debug|iPhone
		{BBB1468B-AC87-4A53-A312-54E7CDA959AB}.Debug|x86.Deploy.0 = Debug|iPhone
		{BBB1468B-AC87-4A53-A312-54E7CDA959AB}.Release|Any CPU.ActiveCfg = Release|iPhone
		{BBB1468B-AC87-4A53-A312-54E7CDA959AB}.Release|Any CPU.Build.0 = Release|iPhone
		{BBB1468B-AC87-4A53-A312-54E7CDA959AB}.Release|Any CPU.Deploy.0 = Release|iPhone
		{BBB1468B-AC87-4A53-A312-54E7CDA959AB}.Release|ARM.ActiveCfg = Release|iPhone
		{BBB1468B-AC87-4A53-A312-54E7CDA959AB}.Release|ARM.Build.0 = Release|iPhone
		{BBB1468B-AC87-4A53-A312-54E7CDA959AB}.Release|ARM.Deploy.0 = Release|iPhone
		{BBB1468B-AC87-4A53-A312-54E7CDA959AB}.Release|iPhone.ActiveCfg = Release|iPhone
		{BBB1468B-AC87-4A53-A312-54E7CDA959AB}.Release|iPhone.Build.0 = Release|iPhone
		{BBB1468B-AC87-4A53-A312-54E7CDA959AB}.Release|iPhone.Deploy.0 = Release|iPhone
		{BBB1468B-AC87-4A53-A312-54E7CDA959AB}.Release|iPhoneSimulator.ActiveCfg = Release|iPhoneSimulator
		{BBB1468B-AC87-4A53-A312-54E7CDA959AB}.Release|iPhoneSimulator.Build.0 = Release|iPhoneSimulator
		{BBB1468B-AC87-4A53-A312-54E7CDA959AB}.Release|iPhoneSimulator.Deploy.0 = Release|iPhoneSimulator
		{BBB1468B-AC87-4A53-A312-54E7CDA959AB}.Release|x64.ActiveCfg = Release|iPhone
		{BBB1468B-AC87-4A53-A312-54E7CDA959AB}.Release|x64.Build.0 = Release|iPhone
		{BBB1468B-AC87-4A53-A312-54E7CDA959AB}.Release|x64.Deploy.0 = Release|iPhone
		{BBB1468B-AC87-4A53-A312-54E7CDA959AB}.Release|x86.ActiveCfg = Release|iPhone
		{BBB1468B-AC87-4A53-A312-54E7CDA959AB}.Release|x86.Build.0 = Release|iPhone
		{BBB1468B-AC87-4A53-A312-54E7CDA959AB}.Release|x86.Deploy.0 = Release|iPhone
		{A2BC9564-FBF8-4EBD-A75E-4348F8431CBB}.Debug|Any CPU.ActiveCfg = Debug|Any CPU
		{A2BC9564-FBF8-4EBD-A75E-4348F8431CBB}.Debug|Any CPU.Build.0 = Debug|Any CPU
		{A2BC9564-FBF8-4EBD-A75E-4348F8431CBB}.Debug|Any CPU.Deploy.0 = Debug|Any CPU
		{A2BC9564-FBF8-4EBD-A75E-4348F8431CBB}.Debug|ARM.ActiveCfg = Debug|Any CPU
		{A2BC9564-FBF8-4EBD-A75E-4348F8431CBB}.Debug|ARM.Build.0 = Debug|Any CPU
		{A2BC9564-FBF8-4EBD-A75E-4348F8431CBB}.Debug|ARM.Deploy.0 = Debug|Any CPU
		{A2BC9564-FBF8-4EBD-A75E-4348F8431CBB}.Debug|iPhone.ActiveCfg = Debug|Any CPU
		{A2BC9564-FBF8-4EBD-A75E-4348F8431CBB}.Debug|iPhone.Build.0 = Debug|Any CPU
		{A2BC9564-FBF8-4EBD-A75E-4348F8431CBB}.Debug|iPhone.Deploy.0 = Debug|Any CPU
		{A2BC9564-FBF8-4EBD-A75E-4348F8431CBB}.Debug|iPhoneSimulator.ActiveCfg = Debug|Any CPU
		{A2BC9564-FBF8-4EBD-A75E-4348F8431CBB}.Debug|iPhoneSimulator.Build.0 = Debug|Any CPU
		{A2BC9564-FBF8-4EBD-A75E-4348F8431CBB}.Debug|iPhoneSimulator.Deploy.0 = Debug|Any CPU
		{A2BC9564-FBF8-4EBD-A75E-4348F8431CBB}.Debug|x64.ActiveCfg = Debug|Any CPU
		{A2BC9564-FBF8-4EBD-A75E-4348F8431CBB}.Debug|x64.Build.0 = Debug|Any CPU
		{A2BC9564-FBF8-4EBD-A75E-4348F8431CBB}.Debug|x64.Deploy.0 = Debug|Any CPU
		{A2BC9564-FBF8-4EBD-A75E-4348F8431CBB}.Debug|x86.ActiveCfg = Debug|Any CPU
		{A2BC9564-FBF8-4EBD-A75E-4348F8431CBB}.Debug|x86.Build.0 = Debug|Any CPU
		{A2BC9564-FBF8-4EBD-A75E-4348F8431CBB}.Debug|x86.Deploy.0 = Debug|Any CPU
		{A2BC9564-FBF8-4EBD-A75E-4348F8431CBB}.Release|Any CPU.ActiveCfg = Release|Any CPU
		{A2BC9564-FBF8-4EBD-A75E-4348F8431CBB}.Release|Any CPU.Build.0 = Release|Any CPU
		{A2BC9564-FBF8-4EBD-A75E-4348F8431CBB}.Release|Any CPU.Deploy.0 = Release|Any CPU
		{A2BC9564-FBF8-4EBD-A75E-4348F8431CBB}.Release|ARM.ActiveCfg = Release|Any CPU
		{A2BC9564-FBF8-4EBD-A75E-4348F8431CBB}.Release|ARM.Build.0 = Release|Any CPU
		{A2BC9564-FBF8-4EBD-A75E-4348F8431CBB}.Release|ARM.Deploy.0 = Release|Any CPU
		{A2BC9564-FBF8-4EBD-A75E-4348F8431CBB}.Release|iPhone.ActiveCfg = Release|Any CPU
		{A2BC9564-FBF8-4EBD-A75E-4348F8431CBB}.Release|iPhone.Build.0 = Release|Any CPU
		{A2BC9564-FBF8-4EBD-A75E-4348F8431CBB}.Release|iPhone.Deploy.0 = Release|Any CPU
		{A2BC9564-FBF8-4EBD-A75E-4348F8431CBB}.Release|iPhoneSimulator.ActiveCfg = Release|Any CPU
		{A2BC9564-FBF8-4EBD-A75E-4348F8431CBB}.Release|iPhoneSimulator.Build.0 = Release|Any CPU
		{A2BC9564-FBF8-4EBD-A75E-4348F8431CBB}.Release|iPhoneSimulator.Deploy.0 = Release|Any CPU
		{A2BC9564-FBF8-4EBD-A75E-4348F8431CBB}.Release|x64.ActiveCfg = Release|Any CPU
		{A2BC9564-FBF8-4EBD-A75E-4348F8431CBB}.Release|x64.Build.0 = Release|Any CPU
		{A2BC9564-FBF8-4EBD-A75E-4348F8431CBB}.Release|x64.Deploy.0 = Release|Any CPU
		{A2BC9564-FBF8-4EBD-A75E-4348F8431CBB}.Release|x86.ActiveCfg = Release|Any CPU
		{A2BC9564-FBF8-4EBD-A75E-4348F8431CBB}.Release|x86.Build.0 = Release|Any CPU
		{A2BC9564-FBF8-4EBD-A75E-4348F8431CBB}.Release|x86.Deploy.0 = Release|Any CPU
	EndGlobalSection
	GlobalSection(SolutionProperties) = preSolution
		HideSolutionNode = FALSE
	EndGlobalSection
	GlobalSection(ExtensibilityGlobals) = postSolution
		SolutionGuid = {65D5E456-65AD-4CA7-965E-B9B8FA1F7401}
	EndGlobalSection
EndGlobal
